dependencies:
- name: keycloak
  repository: oci://registry-1.docker.io/bitnamicharts
  version: 24.7.5
- name: openproject
  repository: https://charts.openproject.org
  version: 10.1.2
digest: sha256:4017a02228fd15b7f9bf5e6709ae3c1e87bbf6e01b9648c1fc73b0a5ce312245
generated: "2025-07-09T14:15:53.324248024+05:45"
