dependencies:
- name: postgresql
  repository: https://charts.bitnami.com/bitnami
  version: 12.12.10
- name: memcached
  repository: https://charts.bitnami.com/bitnami
  version: 6.14.0
- name: common
  repository: https://charts.bitnami.com/bitnami
  version: 2.31.3
digest: sha256:a8c47e0dabd924169d2d5712bf999689495d800bb3128d4955089775ca22e110
generated: "2025-07-16T10:12:33.656117122Z"
