dependencies:
- name: keycloak
  repository: oci://registry-1.docker.io/bitnamicharts
  version: 24.7.7
- name: openproject
  repository: https://charts.openproject.org
  version: 10.1.2
- name: nextcloud
  repository: https://nextcloud.github.io/helm
  version: 7.0.0
digest: sha256:dbd08b82269081919899eefc0485f3564193a4938092021e23f5b52b44ef0189
generated: "2025-07-23T14:31:02.582724865+05:45"
